<?xml version="1.0" encoding="utf-8"?>
<Project ToolsVersion="4.0" xmlns="http://schemas.microsoft.com/developer/msbuild/2003">
  <ItemGroup>
    <Filter Include="Source Files">
      <UniqueIdentifier>{4FC737F1-C7A5-4376-A066-2A32D752A2FF}</UniqueIdentifier>
      <Extensions>cpp;c;cc;cxx;def;odl;idl;hpj;bat;asm;asmx</Extensions>
    </Filter>
    <Filter Include="Header Files">
      <UniqueIdentifier>{93995380-89BD-4b04-88EB-625FBE52EBFB}</UniqueIdentifier>
      <Extensions>h;hpp;hxx;hm;inl;inc;xsd</Extensions>
    </Filter>
    <Filter Include="Resource Files">
      <UniqueIdentifier>{67DA6AB6-F800-4c08-8B7A-83BB121AAD01}</UniqueIdentifier>
      <Extensions>rc;ico;cur;bmp;dlg;rc2;rct;bin;rgs;gif;jpg;jpeg;jpe;resx;tiff;tif;png;wav;mfcribbon-ms</Extensions>
    </Filter>
    <Filter Include="Engine">
      <UniqueIdentifier>{c5c786a0-daf3-4beb-8c8c-450382c68316}</UniqueIdentifier>
    </Filter>
    <Filter Include="Shaders">
      <UniqueIdentifier>{5b602c58-6a3c-4752-9fda-e1cd6108d749}</UniqueIdentifier>
    </Filter>
    <Filter Include="Engine\DX11">
      <UniqueIdentifier>{c2cd78c1-8668-4ec8-aab1-cd4ef7dd1acc}</UniqueIdentifier>
    </Filter>
    <Filter Include="Engine\DX10">
      <UniqueIdentifier>{c59f06c8-dc84-449a-80b8-d6fe6f66a70b}</UniqueIdentifier>
    </Filter>
  </ItemGroup>
  <ItemGroup>
    <None Include="ReadMe.txt" />
    <None Include="small.ico">
      <Filter>Resource Files</Filter>
    </None>
    <None Include="Iteration12.ico">
      <Filter>Resource Files</Filter>
    </None>
    <None Include="Shaders\Black.hlsl">
      <Filter>Shaders</Filter>
    </None>
    <None Include="Shaders\BlinnPhong.hlsl">
      <Filter>Shaders</Filter>
    </None>
    <None Include="Shaders\Deferred.hlsl">
      <Filter>Shaders</Filter>
    </None>
    <None Include="Shaders\DeferredGBuffer.hlsl">
      <Filter>Shaders</Filter>
    </None>
    <None Include="Shaders\DeferredGBufferIBL.hlsl">
      <Filter>Shaders</Filter>
    </None>
    <None Include="Shaders\DeferredPointlight.hlsl">
      <Filter>Shaders</Filter>
    </None>
    <None Include="Shaders\DeferredSpotlight - Legacy.hlsl">
      <Filter>Shaders</Filter>
    </None>
    <None Include="Shaders\DeferredSpotlight.hlsl">
      <Filter>Shaders</Filter>
    </None>
    <None Include="Shaders\DeferredSunlight.hlsl">
      <Filter>Shaders</Filter>
    </None>
    <None Include="Shaders\Diff.hlsl">
      <Filter>Shaders</Filter>
    </None>
    <None Include="Shaders\DiffBump.hlsl">
      <Filter>Shaders</Filter>
    </None>
    <None Include="Shaders\DiffBump_omni.hlsl">
      <Filter>Shaders</Filter>
    </None>
    <None Include="Shaders\DiffBump_spot.hlsl">
      <Filter>Shaders</Filter>
    </None>
    <None Include="Shaders\DiffBumpSpec.hlsl">
      <Filter>Shaders</Filter>
    </None>
    <None Include="Shaders\DiffBumpSpec_omni.hlsl">
      <Filter>Shaders</Filter>
    </None>
    <None Include="Shaders\DiffBumpSpec_spot.hlsl">
      <Filter>Shaders</Filter>
    </None>
    <None Include="Shaders\DiffDetailbump.hlsl">
      <Filter>Shaders</Filter>
    </None>
    <None Include="Shaders\DiffDetailbump_omni.hlsl">
      <Filter>Shaders</Filter>
    </None>
    <None Include="Shaders\DiffDetailbump_spot.hlsl">
      <Filter>Shaders</Filter>
    </None>
    <None Include="Shaders\DiffFlat.hlsl">
      <Filter>Shaders</Filter>
    </None>
    <None Include="Shaders\EngineGlobal.hlsl">
      <Filter>Shaders</Filter>
    </None>
    <None Include="Shaders\GI.hlsl">
      <Filter>Shaders</Filter>
    </None>
    <None Include="Shaders\OneColor.hlsl">
      <Filter>Shaders</Filter>
    </None>
    <None Include="Shaders\RSM.hlsl">
      <Filter>Shaders</Filter>
    </None>
    <None Include="Shaders\Shadowmap.hlsl">
      <Filter>Shaders</Filter>
    </None>
    <None Include="Shaders\Skybox.hlsl">
      <Filter>Shaders</Filter>
    </None>
    <None Include="Shaders\SSAO.hlsl">
      <Filter>Shaders</Filter>
    </None>
    <None Include="Shaders\Tonemapping.hlsl">
      <Filter>Shaders</Filter>
    </None>
    <None Include="Shaders\Water.hlsl">
      <Filter>Shaders</Filter>
    </None>
    <None Include="Shaders\LightingCommon.hlsl">
      <Filter>Shaders</Filter>
    </None>
    <None Include="Shaders\PrefilterCubemap.hlsl">
      <Filter>Shaders</Filter>
    </None>
    <None Include="Shaders\Downsample.hlsl">
      <Filter>Shaders</Filter>
    </None>
    <None Include="Shaders\SSAOCombine.hlsl">
      <Filter>Shaders</Filter>
    </None>
    <None Include="Shaders\FXAA3_11.hlsl">
      <Filter>Shaders</Filter>
    </None>
  </ItemGroup>
  <ItemGroup>
    <ClInclude Include="stdafx.h">
      <Filter>Header Files</Filter>
    </ClInclude>
    <ClInclude Include="targetver.h">
      <Filter>Header Files</Filter>
    </ClInclude>
    <ClInclude Include="Resource.h">
      <Filter>Header Files</Filter>
    </ClInclude>
    <ClInclude Include="Iteration12.h">
      <Filter>Header Files</Filter>
    </ClInclude>
    <ClInclude Include="Engine\Array3D.h">
      <Filter>Engine</Filter>
    </ClInclude>
    <ClInclude Include="Engine\Buffer.h">
      <Filter>Engine</Filter>
    </ClInclude>
    <ClInclude Include="Engine\Camera3D.h">
      <Filter>Engine</Filter>
    </ClInclude>
    <ClInclude Include="Engine\Color.h">
      <Filter>Engine</Filter>
    </ClInclude>
    <ClInclude Include="Engine\Complex.h">
      <Filter>Engine</Filter>
    </ClInclude>
    <ClInclude Include="Engine\ConstantBufferData.h">
      <Filter>Engine</Filter>
    </ClInclude>
    <ClInclude Include="Engine\Debug.h">
      <Filter>Engine</Filter>
    </ClInclude>
    <ClInclude Include="Engine\DepthStencil.h">
      <Filter>Engine</Filter>
    </ClInclude>
    <ClInclude Include="Engine\Engine.h">
      <Filter>Engine</Filter>
    </ClInclude>
    <ClInclude Include="Engine\Entity.h">
      <Filter>Engine</Filter>
    </ClInclude>
    <ClInclude Include="Engine\Entity_Prop.h">
      <Filter>Engine</Filter>
    </ClInclude>
    <ClInclude Include="Engine\Entity_Water.h">
      <Filter>Engine</Filter>
    </ClInclude>
    <ClInclude Include="Engine\FFT.h">
      <Filter>Engine</Filter>
    </ClInclude>
    <ClInclude Include="Engine\FFTWater.h">
      <Filter>Engine</Filter>
    </ClInclude>
    <ClInclude Include="Engine\FPPlayerEntity.h">
      <Filter>Engine</Filter>
    </ClInclude>
    <ClInclude Include="Engine\FullscreenQuad.h">
      <Filter>Engine</Filter>
    </ClInclude>
    <ClInclude Include="Engine\GeometryChunk.h">
      <Filter>Engine</Filter>
    </ClInclude>
    <ClInclude Include="Engine\GPUResource.h">
      <Filter>Engine</Filter>
    </ClInclude>
    <ClInclude Include="Engine\Image.h">
      <Filter>Engine</Filter>
    </ClInclude>
    <ClInclude Include="Engine\Light.h">
      <Filter>Engine</Filter>
    </ClInclude>
    <ClInclude Include="Engine\LightVolume.h">
      <Filter>Engine</Filter>
    </ClInclude>
    <ClInclude Include="Engine\Material.h">
      <Filter>Engine</Filter>
    </ClInclude>
    <ClInclude Include="Engine\Math.h">
      <Filter>Engine</Filter>
    </ClInclude>
    <ClInclude Include="Engine\Matrix3x3.h">
      <Filter>Engine</Filter>
    </ClInclude>
    <ClInclude Include="Engine\Matrix4x4.h">
      <Filter>Engine</Filter>
    </ClInclude>
    <ClInclude Include="Engine\Mesh.h">
      <Filter>Engine</Filter>
    </ClInclude>
    <ClInclude Include="Engine\MeshLoader.h">
      <Filter>Engine</Filter>
    </ClInclude>
    <ClInclude Include="Engine\PhysicsSystem.h">
      <Filter>Engine</Filter>
    </ClInclude>
    <ClInclude Include="Engine\Plane.h">
      <Filter>Engine</Filter>
    </ClInclude>
    <ClInclude Include="Engine\Prerequisites.h">
      <Filter>Engine</Filter>
    </ClInclude>
    <ClInclude Include="Engine\Quaternion.h">
      <Filter>Engine</Filter>
    </ClInclude>
    <ClInclude Include="Engine\Ray.h">
      <Filter>Engine</Filter>
    </ClInclude>
    <ClInclude Include="Engine\RenderCommand.h">
      <Filter>Engine</Filter>
    </ClInclude>
    <ClInclude Include="Engine\RenderDispatcher.h">
      <Filter>Engine</Filter>
    </ClInclude>
    <ClInclude Include="Engine\Renderer.h">
      <Filter>Engine</Filter>
    </ClInclude>
    <ClInclude Include="Engine\RenderOutput.h">
      <Filter>Engine</Filter>
    </ClInclude>
    <ClInclude Include="Engine\RenderSystem.h">
      <Filter>Engine</Filter>
    </ClInclude>
    <ClInclude Include="Engine\Scene.h">
      <Filter>Engine</Filter>
    </ClInclude>
    <ClInclude Include="Engine\ShaderParamBlock.h">
      <Filter>Engine</Filter>
    </ClInclude>
    <ClInclude Include="Engine\ShaderParams.h">
      <Filter>Engine</Filter>
    </ClInclude>
    <ClInclude Include="Engine\Shaderset.h">
      <Filter>Engine</Filter>
    </ClInclude>
    <ClInclude Include="Engine\Texture2D.h">
      <Filter>Engine</Filter>
    </ClInclude>
    <ClInclude Include="Engine\Texture3D.h">
      <Filter>Engine</Filter>
    </ClInclude>
    <ClInclude Include="Engine\TextureCube.h">
      <Filter>Engine</Filter>
    </ClInclude>
    <ClInclude Include="Engine\ThreadedAllocator.h">
      <Filter>Engine</Filter>
    </ClInclude>
    <ClInclude Include="Engine\Timer.h">
      <Filter>Engine</Filter>
    </ClInclude>
    <ClInclude Include="Engine\Transform.h">
      <Filter>Engine</Filter>
    </ClInclude>
    <ClInclude Include="Engine\Utilities.h">
      <Filter>Engine</Filter>
    </ClInclude>
    <ClInclude Include="Engine\Vector2.h">
      <Filter>Engine</Filter>
    </ClInclude>
    <ClInclude Include="Engine\Vector3.h">
      <Filter>Engine</Filter>
    </ClInclude>
    <ClInclude Include="Engine\Vector4.h">
      <Filter>Engine</Filter>
    </ClInclude>
    <ClInclude Include="Engine\xnaCollision.h">
      <Filter>Engine</Filter>
    </ClInclude>
    <ClInclude Include="Engine\Array2D.h">
      <Filter>Engine</Filter>
    </ClInclude>
    <ClInclude Include="Engine\Texture.h">
      <Filter>Engine</Filter>
    </ClInclude>
    <ClInclude Include="Engine\DX11\DX11Material.h">
      <Filter>Engine\DX11</Filter>
    </ClInclude>
    <ClInclude Include="Engine\DX11\DX11RenderCommand.h">
      <Filter>Engine\DX11</Filter>
    </ClInclude>
    <ClInclude Include="Engine\DX11\DX11Renderer.h">
      <Filter>Engine\DX11</Filter>
    </ClInclude>
    <ClInclude Include="Engine\DX11\DX11Texture2D.h">
      <Filter>Engine\DX11</Filter>
    </ClInclude>
    <ClInclude Include="Engine\DX11\DX11Texture3D.h">
      <Filter>Engine\DX11</Filter>
    </ClInclude>
    <ClInclude Include="Engine\DX11\DX11TextureCube.h">
      <Filter>Engine\DX11</Filter>
    </ClInclude>
    <ClInclude Include="Engine\DX11\DX11RenderDispatcher.h">
      <Filter>Engine\DX11</Filter>
    </ClInclude>
    <ClInclude Include="Engine\DX11\DX11Shaderset.h">
      <Filter>Engine\DX11</Filter>
    </ClInclude>
    <ClInclude Include="Engine\DX11\DX11GeometryChunk.h">
      <Filter>Engine\DX11</Filter>
    </ClInclude>
    <ClInclude Include="Engine\DX10\DX10Texture2D.h">
      <Filter>Engine\DX10</Filter>
    </ClInclude>
    <ClInclude Include="Engine\DX11\DX11Buffer.h">
      <Filter>Engine\DX11</Filter>
    </ClInclude>
    <ClInclude Include="Engine\DX11\DX10Buffer.h">
      <Filter>Engine\DX10</Filter>
    </ClInclude>
  </ItemGroup>
  <ItemGroup>
    <ClCompile Include="stdafx.cpp">
      <Filter>Source Files</Filter>
    </ClCompile>
    <ClCompile Include="Iteration12.cpp">
      <Filter>Source Files</Filter>
    </ClCompile>
    <ClCompile Include="Engine\Camera3D.cpp">
      <Filter>Engine</Filter>
    </ClCompile>
    <ClCompile Include="Engine\ConstantBufferData.cpp">
      <Filter>Engine</Filter>
    </ClCompile>
    <ClCompile Include="Engine\Debug.cpp">
      <Filter>Engine</Filter>
    </ClCompile>
    <ClCompile Include="Engine\Entity.cpp">
      <Filter>Engine</Filter>
    </ClCompile>
    <ClCompile Include="Engine\Entity_Prop.cpp">
      <Filter>Engine</Filter>
    </ClCompile>
    <ClCompile Include="Engine\Entity_Water.cpp">
      <Filter>Engine</Filter>
    </ClCompile>
    <ClCompile Include="Engine\FFT.cpp">
      <Filter>Engine</Filter>
    </ClCompile>
    <ClCompile Include="Engine\FFTWater.cpp">
      <Filter>Engine</Filter>
    </ClCompile>
    <ClCompile Include="Engine\FPPlayerEntity.cpp">
      <Filter>Engine</Filter>
    </ClCompile>
    <ClCompile Include="Engine\FullscreenQuad.cpp">
      <Filter>Engine</Filter>
    </ClCompile>
    <ClCompile Include="Engine\GeometryChunk.cpp">
      <Filter>Engine</Filter>
    </ClCompile>
    <ClCompile Include="Engine\Light.cpp">
      <Filter>Engine</Filter>
    </ClCompile>
    <ClCompile Include="Engine\LightVolume.cpp">
      <Filter>Engine</Filter>
    </ClCompile>
    <ClCompile Include="Engine\Material.cpp">
      <Filter>Engine</Filter>
    </ClCompile>
    <ClCompile Include="Engine\Math.cpp">
      <Filter>Engine</Filter>
    </ClCompile>
    <ClCompile Include="Engine\Matrix3x3.cpp">
      <Filter>Engine</Filter>
    </ClCompile>
    <ClCompile Include="Engine\Matrix4x4.cpp">
      <Filter>Engine</Filter>
    </ClCompile>
    <ClCompile Include="Engine\Mesh.cpp">
      <Filter>Engine</Filter>
    </ClCompile>
    <ClCompile Include="Engine\MeshLoader.cpp">
      <Filter>Engine</Filter>
    </ClCompile>
    <ClCompile Include="Engine\PhysicsSystem.cpp">
      <Filter>Engine</Filter>
    </ClCompile>
    <ClCompile Include="Engine\Plane.cpp">
      <Filter>Engine</Filter>
    </ClCompile>
    <ClCompile Include="Engine\Quaternion.cpp">
      <Filter>Engine</Filter>
    </ClCompile>
    <ClCompile Include="Engine\Ray.cpp">
      <Filter>Engine</Filter>
    </ClCompile>
    <ClCompile Include="Engine\RenderCommand.cpp">
      <Filter>Engine</Filter>
    </ClCompile>
    <ClCompile Include="Engine\RenderDispatcher.cpp">
      <Filter>Engine</Filter>
    </ClCompile>
    <ClCompile Include="Engine\Renderer.cpp">
      <Filter>Engine</Filter>
    </ClCompile>
    <ClCompile Include="Engine\RenderSystem.cpp">
      <Filter>Engine</Filter>
    </ClCompile>
    <ClCompile Include="Engine\Scene.cpp">
      <Filter>Engine</Filter>
    </ClCompile>
    <ClCompile Include="Engine\ShaderParamBlock.cpp">
      <Filter>Engine</Filter>
    </ClCompile>
    <ClCompile Include="Engine\ShaderParams.cpp">
      <Filter>Engine</Filter>
    </ClCompile>
    <ClCompile Include="Engine\Shaderset.cpp">
      <Filter>Engine</Filter>
    </ClCompile>
    <ClCompile Include="Engine\Texture2D.cpp">
      <Filter>Engine</Filter>
    </ClCompile>
    <ClCompile Include="Engine\Texture3D.cpp">
      <Filter>Engine</Filter>
    </ClCompile>
    <ClCompile Include="Engine\TextureCube.cpp">
      <Filter>Engine</Filter>
    </ClCompile>
    <ClCompile Include="Engine\Transform.cpp">
      <Filter>Engine</Filter>
    </ClCompile>
    <ClCompile Include="Engine\Utilities.cpp">
      <Filter>Engine</Filter>
    </ClCompile>
    <ClCompile Include="Engine\Vector2.cpp">
      <Filter>Engine</Filter>
    </ClCompile>
    <ClCompile Include="Engine\Vector3.cpp">
      <Filter>Engine</Filter>
    </ClCompile>
    <ClCompile Include="Engine\Vector4.cpp">
      <Filter>Engine</Filter>
    </ClCompile>
    <ClCompile Include="Engine\xnaCollision.cpp">
      <Filter>Engine</Filter>
    </ClCompile>
    <ClCompile Include="Engine\DX11\DX11Material.cpp">
      <Filter>Engine\DX11</Filter>
    </ClCompile>
    <ClCompile Include="Engine\DX11\DX11RenderCommand.cpp">
      <Filter>Engine\DX11</Filter>
    </ClCompile>
    <ClCompile Include="Engine\DX11\DX11Renderer.cpp">
      <Filter>Engine\DX11</Filter>
    </ClCompile>
    <ClCompile Include="Engine\DX11\DX11Texture2D.cpp">
      <Filter>Engine\DX11</Filter>
    </ClCompile>
    <ClCompile Include="Engine\DX11\DX11Texture3D.cpp">
      <Filter>Engine\DX11</Filter>
    </ClCompile>
    <ClCompile Include="Engine\DX11\DX11TextureCube.cpp">
      <Filter>Engine\DX11</Filter>
    </ClCompile>
    <ClCompile Include="Engine\DX11\DX11RenderDispatcher.cpp">
      <Filter>Engine\DX11</Filter>
    </ClCompile>
    <ClCompile Include="Engine\DX11\DX11Shaderset.cpp">
      <Filter>Engine\DX11</Filter>
    </ClCompile>
    <ClCompile Include="Engine\DX11\DX11GeometryChunk.cpp">
      <Filter>Engine\DX11</Filter>
    </ClCompile>
    <ClCompile Include="Engine\DX10\DX10Texture2D.cpp">
      <Filter>Engine\DX10</Filter>
    </ClCompile>
  </ItemGroup>
  <ItemGroup>
    <ResourceCompile Include="Iteration12.rc">
      <Filter>Resource Files</Filter>
    </ResourceCompile>
  </ItemGroup>
</Project>